PODS:
  - Chameleon (0.1.0):
    - JSONModel
    - Masonry
    - SDWebImage
    - SocketRocket
    - WeexSDK (~> 0.19.0.2)
  - JSONModel (1.8.0)
  - Masonry (1.1.0)
  - SDWebImage (5.0.2):
    - SDWebImage/Core (= 5.0.2)
  - SDWebImage/Core (5.0.2)
  - SocketRocket (0.5.1)
  - WeexSDK (0.19.0.2)

DEPENDENCIES:
  - Chameleon (from `../Chamleon/`)

SPEC REPOS:
  https://github.com/cocoapods/specs.git:
    - JSONModel
    - Masonry
    - SDWebImage
    - SocketRocket
    - WeexSDK

EXTERNAL SOURCES:
  Chameleon:
    :path: "../Chamleon/"

SPEC CHECKSUMS:
  Chameleon: de258e933f0db4eba387da36933741b1ebf31f8f
  JSONModel: 02ab723958366a3fd27da57ea2af2113658762e9
  Masonry: 678fab65091a9290e40e2832a55e7ab731aad201
  SDWebImage: 6764b5fa0f73c203728052955dbefa2bf1f33282
  SocketRocket: d57c7159b83c3c6655745cd15302aa24b6bae531
  WeexSDK: 0515e386d0eae3400ed8e55f31f198ae35acce44

PODFILE CHECKSUM: d351c2524ea1fa9564e101f6000f9d7fb17fd2c7

COCOAPODS: 1.6.1
